Microsoft Visual Studio Solution File, Format Version 12.00
# Visual Studio Version 16
VisualStudioVersion = 16.0.0.0
MinimumVisualStudioVersion = 16.0.0.0
Project("{9A19103F-16F7-4668-BE54-9A1E7A4F7556}") = "AnxietyWatch.Web", "AnxietyWatch.Web\AnxietyWatch.Web.csproj", "{EFBE02F6-C7A9-43D3-82E8-FEB2E22897AD}"
EndProject
Project("{9A19103F-16F7-4668-BE54-9A1E7A4F7556}") = "AnxietyWatch.Web.Client", "AnxietyWatch.Web.Client\AnxietyWatch.Web.Client.csproj", "{C47B23A3-926D-4241-80C3-170F0EB8D9BF}"
EndProject
Project("{9A19103F-16F7-4668-BE54-9A1E7A4F7556}") = "AnxietyWatch.Web.Client.Tests", "AnxietyWatch.Web.Client.Tests\AnxietyWatch.Web.Client.Tests.csproj", "{A4728F30-AC21-4B63-BEDF-FE47644BB380}"
EndProject
Global
	GlobalSection(SolutionConfigurationPlatforms) = preSolution
		Debug|Any CPU = Debug|Any CPU
		Debug|x64 = Debug|x64
		Debug|x86 = Debug|x86
		Release|Any CPU = Release|Any CPU
		Release|x64 = Release|x64
		Release|x86 = Release|x86
	EndGlobalSection
	GlobalSection(ProjectConfigurationPlatforms) = postSolution
		{A4728F30-AC21-4B63-BEDF-FE47644BB380}.Debug|Any CPU.ActiveCfg = Debug|Any CPU
		{A4728F30-AC21-4B63-BEDF-FE47644BB380}.Debug|Any CPU.Build.0 = Debug|Any CPU
		{A4728F30-AC21-4B63-BEDF-FE47644BB380}.Debug|x64.ActiveCfg = Debug|Any CPU
		{A4728F30-AC21-4B63-BEDF-FE47644BB380}.Debug|x64.Build.0 = Debug|Any CPU
		{A4728F30-AC21-4B63-BEDF-FE47644BB380}.Debug|x86.ActiveCfg = Debug|Any CPU
		{A4728F30-AC21-4B63-BEDF-FE47644BB380}.Debug|x86.Build.0 = Debug|Any CPU
		{A4728F30-AC21-4B63-BEDF-FE47644BB380}.Release|Any CPU.ActiveCfg = Release|Any CPU
		{A4728F30-AC21-4B63-BEDF-FE47644BB380}.Release|Any CPU.Build.0 = Release|Any CPU
		{A4728F30-AC21-4B63-BEDF-FE47644BB380}.Release|x64.ActiveCfg = Release|Any CPU
		{A4728F30-AC21-4B63-BEDF-FE47644BB380}.Release|x64.Build.0 = Release|Any CPU
		{A4728F30-AC21-4B63-BEDF-FE47644BB380}.Release|x86.ActiveCfg = Release|Any CPU
		{A4728F30-AC21-4B63-BEDF-FE47644BB380}.Release|x86.Build.0 = Release|Any CPU
		{C47B23A3-926D-4241-80C3-170F0EB8D9BF}.Debug|Any CPU.ActiveCfg = Debug|Any CPU
		{C47B23A3-926D-4241-80C3-170F0EB8D9BF}.Debug|Any CPU.Build.0 = Debug|Any CPU
		{C47B23A3-926D-4241-80C3-170F0EB8D9BF}.Debug|x64.ActiveCfg = Debug|Any CPU
		{C47B23A3-926D-4241-80C3-170F0EB8D9BF}.Debug|x64.Build.0 = Debug|Any CPU
		{C47B23A3-926D-4241-80C3-170F0EB8D9BF}.Debug|x86.ActiveCfg = Debug|Any CPU
		{C47B23A3-926D-4241-80C3-170F0EB8D9BF}.Debug|x86.Build.0 = Debug|Any CPU
		{C47B23A3-926D-4241-80C3-170F0EB8D9BF}.Release|Any CPU.ActiveCfg = Release|Any CPU
		{C47B23A3-926D-4241-80C3-170F0EB8D9BF}.Release|Any CPU.Build.0 = Release|Any CPU
		{C47B23A3-926D-4241-80C3-170F0EB8D9BF}.Release|x64.ActiveCfg = Release|Any CPU
		{C47B23A3-926D-4241-80C3-170F0EB8D9BF}.Release|x64.Build.0 = Release|Any CPU
		{C47B23A3-926D-4241-80C3-170F0EB8D9BF}.Release|x86.ActiveCfg = Release|Any CPU
		{C47B23A3-926D-4241-80C3-170F0EB8D9BF}.Release|x86.Build.0 = Release|Any CPU
		{EFBE02F6-C7A9-43D3-82E8-FEB2E22897AD}.Debug|Any CPU.ActiveCfg = Debug|Any CPU
		{EFBE02F6-C7A9-43D3-82E8-FEB2E22897AD}.Debug|Any CPU.Build.0 = Debug|Any CPU
		{EFBE02F6-C7A9-43D3-82E8-FEB2E22897AD}.Debug|x64.ActiveCfg = Debug|Any CPU
		{EFBE02F6-C7A9-43D3-82E8-FEB2E22897AD}.Debug|x64.Build.0 = Debug|Any CPU
		{EFBE02F6-C7A9-43D3-82E8-FEB2E22897AD}.Debug|x86.ActiveCfg = Debug|Any CPU
		{EFBE02F6-C7A9-43D3-82E8-FEB2E22897AD}.Debug|x86.Build.0 = Debug|Any CPU
		{EFBE02F6-C7A9-43D3-82E8-FEB2E22897AD}.Release|Any CPU.ActiveCfg = Release|Any CPU
		{EFBE02F6-C7A9-43D3-82E8-FEB2E22897AD}.Release|Any CPU.Build.0 = Release|Any CPU
		{EFBE02F6-C7A9-43D3-82E8-FEB2E22897AD}.Release|x64.ActiveCfg = Release|Any CPU
		{EFBE02F6-C7A9-43D3-82E8-FEB2E22897AD}.Release|x64.Build.0 = Release|Any CPU
		{EFBE02F6-C7A9-43D3-82E8-FEB2E22897AD}.Release|x86.ActiveCfg = Release|Any CPU
		{EFBE02F6-C7A9-43D3-82E8-FEB2E22897AD}.Release|x86.Build.0 = Release|Any CPU
	EndGlobalSection
	GlobalSection(SolutionProperties) = preSolution
		HideSolutionNode = FALSE
	EndGlobalSection
	GlobalSection(ExtensibilityGlobals) = postSolution
		SolutionGuid = {DD5FA747-DE63-4707-A09C-D0779D65EFBE}
	EndGlobalSection
EndGlobal
